
Microsoft Visual Studio Solution File, Format Version 12.00
# Visual Studio 14
VisualStudioVersion = 14.0.25123.0
MinimumVisualStudioVersion = 10.0.40219.1
Project("{FAE04EC0-301F-11D3-BF4B-00C04F79EFBC}") = "QuizMakerBuilder", "QuizMakerBuilder\QuizMakerBuilder.csproj", "{62B6F27B-F176-4993-A0B6-3D2BB77C37D6}"
EndProject
Project("{FAE04EC0-301F-11D3-BF4B-00C04F79EFBC}") = "QuestionBuilder", "QuestionBuilder\QuestionBuilder.csproj", "{0B9562FF-60BA-4BD4-83C5-CEC248F14A2A}"
EndProject
Project("{FAE04EC0-301F-11D3-BF4B-00C04F79EFBC}") = "QuizBuilderLib", "QuizBuilderLib\QuizBuilderLib.csproj", "{FFAB7180-90FF-43A5-99D5-BE8359619505}"
EndProject
Project("{FAE04EC0-301F-11D3-BF4B-00C04F79EFBC}") = "QuestionUtilLib", "QuestionUtilLib\QuestionUtilLib.csproj", "{450C0101-2D0A-4E26-965A-D5E1F7142F48}"
EndProject
Global
	GlobalSection(SolutionConfigurationPlatforms) = preSolution
		Debug|Any CPU = Debug|Any CPU
		Release|Any CPU = Release|Any CPU
	EndGlobalSection
	GlobalSection(ProjectConfigurationPlatforms) = postSolution
		{62B6F27B-F176-4993-A0B6-3D2BB77C37D6}.Debug|Any CPU.ActiveCfg = Debug|Any CPU
		{62B6F27B-F176-4993-A0B6-3D2BB77C37D6}.Debug|Any CPU.Build.0 = Debug|Any CPU
		{62B6F27B-F176-4993-A0B6-3D2BB77C37D6}.Release|Any CPU.ActiveCfg = Release|Any CPU
		{62B6F27B-F176-4993-A0B6-3D2BB77C37D6}.Release|Any CPU.Build.0 = Release|Any CPU
		{0B9562FF-60BA-4BD4-83C5-CEC248F14A2A}.Debug|Any CPU.ActiveCfg = Debug|Any CPU
		{0B9562FF-60BA-4BD4-83C5-CEC248F14A2A}.Debug|Any CPU.Build.0 = Debug|Any CPU
		{0B9562FF-60BA-4BD4-83C5-CEC248F14A2A}.Release|Any CPU.ActiveCfg = Release|Any CPU
		{0B9562FF-60BA-4BD4-83C5-CEC248F14A2A}.Release|Any CPU.Build.0 = Release|Any CPU
		{FFAB7180-90FF-43A5-99D5-BE8359619505}.Debug|Any CPU.ActiveCfg = Debug|Any CPU
		{FFAB7180-90FF-43A5-99D5-BE8359619505}.Debug|Any CPU.Build.0 = Debug|Any CPU
		{FFAB7180-90FF-43A5-99D5-BE8359619505}.Release|Any CPU.ActiveCfg = Release|Any CPU
		{FFAB7180-90FF-43A5-99D5-BE8359619505}.Release|Any CPU.Build.0 = Release|Any CPU
		{450C0101-2D0A-4E26-965A-D5E1F7142F48}.Debug|Any CPU.ActiveCfg = Debug|Any CPU
		{450C0101-2D0A-4E26-965A-D5E1F7142F48}.Debug|Any CPU.Build.0 = Debug|Any CPU
		{450C0101-2D0A-4E26-965A-D5E1F7142F48}.Release|Any CPU.ActiveCfg = Release|Any CPU
		{450C0101-2D0A-4E26-965A-D5E1F7142F48}.Release|Any CPU.Build.0 = Release|Any CPU
	EndGlobalSection
	GlobalSection(SolutionProperties) = preSolution
		HideSolutionNode = FALSE
	EndGlobalSection
EndGlobal
